
Microsoft Visual Studio Solution File, Format Version 12.00
# Visual Studio Version 17
VisualStudioVersion = 17.7.34024.191
MinimumVisualStudioVersion = 10.0.40219.1
Project("{FAE04EC0-301F-11D3-BF4B-00C04F79EFBC}") = "AccountService", "AccountService\AccountService.csproj", "{AC1F7CCB-8966-4317-B017-BC8C8F8B2669}"
EndProject
Global
	GlobalSection(SolutionConfigurationPlatforms) = preSolution
		Debug|Any CPU = Debug|Any CPU
		Release|Any CPU = Release|Any CPU
	EndGlobalSection
	GlobalSection(ProjectConfigurationPlatforms) = postSolution
		{AC1F7CCB-8966-4317-B017-BC8C8F8B2669}.Debug|Any CPU.ActiveCfg = Debug|Any CPU
		{AC1F7CCB-8966-4317-B017-BC8C8F8B2669}.Debug|Any CPU.Build.0 = Debug|Any CPU
		{AC1F7CCB-8966-4317-B017-BC8C8F8B2669}.Release|Any CPU.ActiveCfg = Release|Any CPU
		{AC1F7CCB-8966-4317-B017-BC8C8F8B2669}.Release|Any CPU.Build.0 = Release|Any CPU
	EndGlobalSection
	GlobalSection(SolutionProperties) = preSolution
		HideSolutionNode = FALSE
	EndGlobalSection
	GlobalSection(ExtensibilityGlobals) = postSolution
		SolutionGuid = {ABE01779-BEFE-4EEB-8631-A5EB97060B1E}
	EndGlobalSection
EndGlobal
